
Microsoft Visual Studio Solution File, Format Version 12.00
# Visual Studio Version 17
VisualStudioVersion = 17.10.35027.167
MinimumVisualStudioVersion = 10.0.40219.1
Project("{FAE04EC0-301F-11D3-BF4B-00C04F79EFBC}") = "Hafta_5_Kapanis", "Hafta_5_Kapanis\Hafta_5_Kapanis.csproj", "{3F4A83CF-A890-4CB3-8C05-38E0EB11236C}"
EndProject
Global
	GlobalSection(SolutionConfigurationPlatforms) = preSolution
		Debug|Any CPU = Debug|Any CPU
		Release|Any CPU = Release|Any CPU
	EndGlobalSection
	GlobalSection(ProjectConfigurationPlatforms) = postSolution
		{3F4A83CF-A890-4CB3-8C05-38E0EB11236C}.Debug|Any CPU.ActiveCfg = Debug|Any CPU
		{3F4A83CF-A890-4CB3-8C05-38E0EB11236C}.Debug|Any CPU.Build.0 = Debug|Any CPU
		{3F4A83CF-A890-4CB3-8C05-38E0EB11236C}.Release|Any CPU.ActiveCfg = Release|Any CPU
		{3F4A83CF-A890-4CB3-8C05-38E0EB11236C}.Release|Any CPU.Build.0 = Release|Any CPU
	EndGlobalSection
	GlobalSection(SolutionProperties) = preSolution
		HideSolutionNode = FALSE
	EndGlobalSection
	GlobalSection(ExtensibilityGlobals) = postSolution
		SolutionGuid = {729C1762-FD60-4807-8AE0-354F8A4C9F76}
	EndGlobalSection
EndGlobal
